
Microsoft Visual Studio Solution File, Format Version 12.00
# Visual Studio 2012
Project("{FAE04EC0-301F-11D3-BF4B-00C04F79EFBC}") = "CalumAndGaleTests", "CalumAndGaleTests\CalumAndGaleTests.csproj", "{78D5BDBA-37C2-4FE3-8C1A-74C3D5001A07}"
EndProject
Project("{FAE04EC0-301F-11D3-BF4B-00C04F79EFBC}") = "CalumAndGale", "CalumAndGale\CalumAndGale.csproj", "{BCB0674F-4870-488A-B897-4FF488F9634D}"
EndProject
Global
	GlobalSection(SolutionConfigurationPlatforms) = preSolution
		Debug|Any CPU = Debug|Any CPU
		Release|Any CPU = Release|Any CPU
	EndGlobalSection
	GlobalSection(ProjectConfigurationPlatforms) = postSolution
		{78D5BDBA-37C2-4FE3-8C1A-74C3D5001A07}.Debug|Any CPU.ActiveCfg = Debug|Any CPU
		{78D5BDBA-37C2-4FE3-8C1A-74C3D5001A07}.Debug|Any CPU.Build.0 = Debug|Any CPU
		{78D5BDBA-37C2-4FE3-8C1A-74C3D5001A07}.Release|Any CPU.ActiveCfg = Release|Any CPU
		{78D5BDBA-37C2-4FE3-8C1A-74C3D5001A07}.Release|Any CPU.Build.0 = Release|Any CPU
		{BCB0674F-4870-488A-B897-4FF488F9634D}.Debug|Any CPU.ActiveCfg = Debug|Any CPU
		{BCB0674F-4870-488A-B897-4FF488F9634D}.Debug|Any CPU.Build.0 = Debug|Any CPU
		{BCB0674F-4870-488A-B897-4FF488F9634D}.Release|Any CPU.ActiveCfg = Release|Any CPU
		{BCB0674F-4870-488A-B897-4FF488F9634D}.Release|Any CPU.Build.0 = Release|Any CPU
	EndGlobalSection
	GlobalSection(SolutionProperties) = preSolution
		HideSolutionNode = FALSE
	EndGlobalSection
EndGlobal
